
Microsoft Visual Studio Solution File, Format Version 12.00
# Visual Studio 14
VisualStudioVersion = 14.0.25420.1
MinimumVisualStudioVersion = 10.0.40219.1
Project("{8BC9CEB8-8B4A-11D0-8D11-00A0C91BC942}") = "DVSE", "..\DVSE\DVSE.vcxproj", "{95CFED4A-A6C5-4890-A462-16D489C76704}"
EndProject
Project("{8BC9CEB8-8B4A-11D0-8D11-00A0C91BC942}") = "videogui", "..\secureUI\videogui.vcxproj", "{F716CC31-0FD3-3992-A5F6-7DE38C892D8D}"
	ProjectSection(ProjectDependencies) = postProject
		{95CFED4A-A6C5-4890-A462-16D489C76704} = {95CFED4A-A6C5-4890-A462-16D489C76704}
	EndProjectSection
EndProject
Project("{888888A0-9F3D-457C-B088-3A5042F75D52}") = "secureServer", "..\secureServer\secureServer\secureServer.pyproj", "{66D16A56-7E6A-4308-9AAD-18A8C4D1D97F}"
EndProject
Project("{8BC9CEB8-8B4A-11D0-8D11-00A0C91BC942}") = "EnclaveTest", "EnclaveTest\EnclaveTest.vcxproj", "{B0A10797-E472-474E-94B4-79DCD20C9D6F}"
	ProjectSection(ProjectDependencies) = postProject
		{95CFED4A-A6C5-4890-A462-16D489C76704} = {95CFED4A-A6C5-4890-A462-16D489C76704}
	EndProjectSection
EndProject
Global
	GlobalSection(SolutionConfigurationPlatforms) = preSolution
		Debug|Any CPU = Debug|Any CPU
		Debug|x64 = Debug|x64
		Debug|x86 = Debug|x86
		Prerelease|Any CPU = Prerelease|Any CPU
		Prerelease|x64 = Prerelease|x64
		Prerelease|x86 = Prerelease|x86
		Release|Any CPU = Release|Any CPU
		Release|x64 = Release|x64
		Release|x86 = Release|x86
		Simulation|Any CPU = Simulation|Any CPU
		Simulation|x64 = Simulation|x64
		Simulation|x86 = Simulation|x86
	EndGlobalSection
	GlobalSection(ProjectConfigurationPlatforms) = postSolution
		{95CFED4A-A6C5-4890-A462-16D489C76704}.Debug|Any CPU.ActiveCfg = Debug|Win32
		{95CFED4A-A6C5-4890-A462-16D489C76704}.Debug|x64.ActiveCfg = Debug|x64
		{95CFED4A-A6C5-4890-A462-16D489C76704}.Debug|x64.Build.0 = Debug|x64
		{95CFED4A-A6C5-4890-A462-16D489C76704}.Debug|x86.ActiveCfg = Debug|Win32
		{95CFED4A-A6C5-4890-A462-16D489C76704}.Debug|x86.Build.0 = Debug|Win32
		{95CFED4A-A6C5-4890-A462-16D489C76704}.Prerelease|Any CPU.ActiveCfg = Prerelease|Win32
		{95CFED4A-A6C5-4890-A462-16D489C76704}.Prerelease|x64.ActiveCfg = Prerelease|x64
		{95CFED4A-A6C5-4890-A462-16D489C76704}.Prerelease|x64.Build.0 = Prerelease|x64
		{95CFED4A-A6C5-4890-A462-16D489C76704}.Prerelease|x86.ActiveCfg = Prerelease|Win32
		{95CFED4A-A6C5-4890-A462-16D489C76704}.Prerelease|x86.Build.0 = Prerelease|Win32
		{95CFED4A-A6C5-4890-A462-16D489C76704}.Release|Any CPU.ActiveCfg = Release|Win32
		{95CFED4A-A6C5-4890-A462-16D489C76704}.Release|x64.ActiveCfg = Release|x64
		{95CFED4A-A6C5-4890-A462-16D489C76704}.Release|x64.Build.0 = Release|x64
		{95CFED4A-A6C5-4890-A462-16D489C76704}.Release|x86.ActiveCfg = Release|Win32
		{95CFED4A-A6C5-4890-A462-16D489C76704}.Release|x86.Build.0 = Release|Win32
		{95CFED4A-A6C5-4890-A462-16D489C76704}.Simulation|Any CPU.ActiveCfg = Simulation|Win32
		{95CFED4A-A6C5-4890-A462-16D489C76704}.Simulation|x64.ActiveCfg = Simulation|x64
		{95CFED4A-A6C5-4890-A462-16D489C76704}.Simulation|x64.Build.0 = Simulation|x64
		{95CFED4A-A6C5-4890-A462-16D489C76704}.Simulation|x86.ActiveCfg = Simulation|Win32
		{95CFED4A-A6C5-4890-A462-16D489C76704}.Simulation|x86.Build.0 = Simulation|Win32
		{F716CC31-0FD3-3992-A5F6-7DE38C892D8D}.Debug|Any CPU.ActiveCfg = Debug|x64
		{F716CC31-0FD3-3992-A5F6-7DE38C892D8D}.Debug|x64.ActiveCfg = Debug|x64
		{F716CC31-0FD3-3992-A5F6-7DE38C892D8D}.Debug|x64.Build.0 = Debug|x64
		{F716CC31-0FD3-3992-A5F6-7DE38C892D8D}.Debug|x86.ActiveCfg = Debug|x64
		{F716CC31-0FD3-3992-A5F6-7DE38C892D8D}.Prerelease|Any CPU.ActiveCfg = Prerelease|x64
		{F716CC31-0FD3-3992-A5F6-7DE38C892D8D}.Prerelease|x64.ActiveCfg = Prerelease|x64
		{F716CC31-0FD3-3992-A5F6-7DE38C892D8D}.Prerelease|x64.Build.0 = Prerelease|x64
		{F716CC31-0FD3-3992-A5F6-7DE38C892D8D}.Prerelease|x86.ActiveCfg = Prerelease|x64
		{F716CC31-0FD3-3992-A5F6-7DE38C892D8D}.Release|Any CPU.ActiveCfg = Release|x64
		{F716CC31-0FD3-3992-A5F6-7DE38C892D8D}.Release|x64.ActiveCfg = Release|x64
		{F716CC31-0FD3-3992-A5F6-7DE38C892D8D}.Release|x64.Build.0 = Release|x64
		{F716CC31-0FD3-3992-A5F6-7DE38C892D8D}.Release|x86.ActiveCfg = Release|x64
		{F716CC31-0FD3-3992-A5F6-7DE38C892D8D}.Simulation|Any CPU.ActiveCfg = Simulation|x64
		{F716CC31-0FD3-3992-A5F6-7DE38C892D8D}.Simulation|x64.ActiveCfg = Simulation|x64
		{F716CC31-0FD3-3992-A5F6-7DE38C892D8D}.Simulation|x64.Build.0 = Simulation|x64
		{F716CC31-0FD3-3992-A5F6-7DE38C892D8D}.Simulation|x86.ActiveCfg = Simulation|x64
		{66D16A56-7E6A-4308-9AAD-18A8C4D1D97F}.Debug|Any CPU.ActiveCfg = Debug|Any CPU
		{66D16A56-7E6A-4308-9AAD-18A8C4D1D97F}.Debug|x64.ActiveCfg = Debug|Any CPU
		{66D16A56-7E6A-4308-9AAD-18A8C4D1D97F}.Debug|x86.ActiveCfg = Debug|Any CPU
		{66D16A56-7E6A-4308-9AAD-18A8C4D1D97F}.Prerelease|Any CPU.ActiveCfg = Release|Any CPU
		{66D16A56-7E6A-4308-9AAD-18A8C4D1D97F}.Prerelease|x64.ActiveCfg = Release|Any CPU
		{66D16A56-7E6A-4308-9AAD-18A8C4D1D97F}.Prerelease|x86.ActiveCfg = Release|Any CPU
		{66D16A56-7E6A-4308-9AAD-18A8C4D1D97F}.Release|Any CPU.ActiveCfg = Release|Any CPU
		{66D16A56-7E6A-4308-9AAD-18A8C4D1D97F}.Release|x64.ActiveCfg = Release|Any CPU
		{66D16A56-7E6A-4308-9AAD-18A8C4D1D97F}.Release|x86.ActiveCfg = Release|Any CPU
		{66D16A56-7E6A-4308-9AAD-18A8C4D1D97F}.Simulation|Any CPU.ActiveCfg = Release|Any CPU
		{66D16A56-7E6A-4308-9AAD-18A8C4D1D97F}.Simulation|x64.ActiveCfg = Release|Any CPU
		{66D16A56-7E6A-4308-9AAD-18A8C4D1D97F}.Simulation|x86.ActiveCfg = Release|Any CPU
		{B0A10797-E472-474E-94B4-79DCD20C9D6F}.Debug|Any CPU.ActiveCfg = Debug|Win32
		{B0A10797-E472-474E-94B4-79DCD20C9D6F}.Debug|x64.ActiveCfg = Debug|x64
		{B0A10797-E472-474E-94B4-79DCD20C9D6F}.Debug|x64.Build.0 = Debug|x64
		{B0A10797-E472-474E-94B4-79DCD20C9D6F}.Debug|x86.ActiveCfg = Debug|Win32
		{B0A10797-E472-474E-94B4-79DCD20C9D6F}.Debug|x86.Build.0 = Debug|Win32
		{B0A10797-E472-474E-94B4-79DCD20C9D6F}.Prerelease|Any CPU.ActiveCfg = Prerelease|x64
		{B0A10797-E472-474E-94B4-79DCD20C9D6F}.Prerelease|Any CPU.Build.0 = Prerelease|x64
		{B0A10797-E472-474E-94B4-79DCD20C9D6F}.Prerelease|x64.ActiveCfg = Prerelease|x64
		{B0A10797-E472-474E-94B4-79DCD20C9D6F}.Prerelease|x64.Build.0 = Prerelease|x64
		{B0A10797-E472-474E-94B4-79DCD20C9D6F}.Prerelease|x86.ActiveCfg = Prerelease|Win32
		{B0A10797-E472-474E-94B4-79DCD20C9D6F}.Prerelease|x86.Build.0 = Prerelease|Win32
		{B0A10797-E472-474E-94B4-79DCD20C9D6F}.Release|Any CPU.ActiveCfg = Release|Win32
		{B0A10797-E472-474E-94B4-79DCD20C9D6F}.Release|x64.ActiveCfg = Release|x64
		{B0A10797-E472-474E-94B4-79DCD20C9D6F}.Release|x64.Build.0 = Release|x64
		{B0A10797-E472-474E-94B4-79DCD20C9D6F}.Release|x86.ActiveCfg = Release|Win32
		{B0A10797-E472-474E-94B4-79DCD20C9D6F}.Release|x86.Build.0 = Release|Win32
		{B0A10797-E472-474E-94B4-79DCD20C9D6F}.Simulation|Any CPU.ActiveCfg = Simulation|x64
		{B0A10797-E472-474E-94B4-79DCD20C9D6F}.Simulation|Any CPU.Build.0 = Simulation|x64
		{B0A10797-E472-474E-94B4-79DCD20C9D6F}.Simulation|x64.ActiveCfg = Simulation|x64
		{B0A10797-E472-474E-94B4-79DCD20C9D6F}.Simulation|x64.Build.0 = Simulation|x64
		{B0A10797-E472-474E-94B4-79DCD20C9D6F}.Simulation|x86.ActiveCfg = Simulation|Win32
		{B0A10797-E472-474E-94B4-79DCD20C9D6F}.Simulation|x86.Build.0 = Simulation|Win32
	EndGlobalSection
	GlobalSection(SolutionProperties) = preSolution
		HideSolutionNode = FALSE
	EndGlobalSection
EndGlobal
