<?xml version="1.0" encoding="utf-8"?>
<Project ToolsVersion="4.0" xmlns="http://schemas.microsoft.com/developer/msbuild/2003">
  <ItemGroup>
    <Filter Include="Source Files">
      <UniqueIdentifier>{678313ea-f466-4465-8b39-527f9d216627}</UniqueIdentifier>
      <Extensions>cpp;c;edl;def; .. and other options</Extensions>
    </Filter>
    <Filter Include="Header Files">
      <UniqueIdentifier>{066272ac-d020-41cb-bc4a-979edfc5b723}</UniqueIdentifier>
      <Extensions>h;hpp; .. and other options</Extensions>
    </Filter>
    <Filter Include="Resource Files">
      <UniqueIdentifier>{633492cc-526b-4e03-b872-f2f20690ed54}</UniqueIdentifier>
      <Extensions>rc;xml;pem; .. and other options</Extensions>
    </Filter>
  </ItemGroup>
  <ItemGroup>
    <None Include="vrfcert_private.pem">
      <Filter>Resource Files</Filter>
    </None>
  </ItemGroup>
  <ItemGroup>
    <ClCompile Include="vrfcert.cpp">
      <Filter>Source Files</Filter>
    </ClCompile>
    <ClCompile Include="vrfcert_t.c">
      <Filter>Source Files</Filter>
    </ClCompile>
  </ItemGroup>
  <ItemGroup>
    <ClInclude Include="vrfcert_t.h">
      <Filter>Header Files</Filter>
    </ClInclude>
    <ClInclude Include="vrfcert.h">
      <Filter>Source Files</Filter>
    </ClInclude>
  </ItemGroup>
  <ItemGroup>
    <Xml Include="vrfcert.config.xml">
      <Filter>Resource Files</Filter>
    </Xml>
  </ItemGroup>
  <ItemGroup>
    <Text Include="ReadMe.txt" />
  </ItemGroup>
  <ItemGroup>
    <CustomBuild Include="vrfcert.edl">
      <Filter>Source Files</Filter>
    </CustomBuild>
  </ItemGroup>
</Project>