<?xml version="1.0" encoding="utf-8"?>
<Project ToolsVersion="4.0" xmlns="http://schemas.microsoft.com/developer/msbuild/2003">
  <ItemGroup>
    <Filter Include="Generated Files">
      <UniqueIdentifier>{81f572cd-2e30-4ca1-a9b9-20f07fcade8a}</UniqueIdentifier>
    </Filter>
    <Filter Include="Source Files">
      <UniqueIdentifier>{8bc60fe4-f4c0-4cde-ab5b-ea251862976d}</UniqueIdentifier>
      <Extensions>cpp;c;edl;def;</Extensions>
    </Filter>
    <Filter Include="Header Files">
      <UniqueIdentifier>{17407aa8-6996-4219-9d6e-0916f0d1cb72}</UniqueIdentifier>
      <Extensions>h;hpp;</Extensions>
    </Filter>
    <Filter Include="Resource Files">
      <UniqueIdentifier>{a5771fc8-cd57-4faf-bf87-6ab4fae63dde}</UniqueIdentifier>
      <Extensions>rc;xml;pem;</Extensions>
    </Filter>
  </ItemGroup>
  <ItemGroup>
    <ClCompile Include="DVSE_t.c">
      <Filter>Generated Files</Filter>
    </ClCompile>
    <ClCompile Include="DVSE.cpp">
      <Filter>Source Files</Filter>
    </ClCompile>
    <ClCompile Include="SGXIndependentSealing.cpp">
      <Filter>Source Files</Filter>
    </ClCompile>
    <ClCompile Include="SGXPlayerState.cpp">
      <Filter>Source Files</Filter>
    </ClCompile>
    <ClCompile Include="utils.cpp">
      <Filter>Source Files</Filter>
    </ClCompile>
    <ClCompile Include="EncryptedFileReader.cpp">
      <Filter>Source Files</Filter>
    </ClCompile>
    <ClCompile Include="SGXBlob.cpp">
      <Filter>Source Files</Filter>
    </ClCompile>
    <ClCompile Include="SGXCoupons.cpp">
      <Filter>Source Files</Filter>
    </ClCompile>
    <ClCompile Include="SGXEcallEnclaveInterface.cpp">
      <Filter>Source Files</Filter>
    </ClCompile>
    <ClCompile Include="SGXEncryptionservice.cpp">
      <Filter>Source Files</Filter>
    </ClCompile>
    <ClCompile Include="SGXEpg.cpp">
      <Filter>Source Files</Filter>
    </ClCompile>
    <ClCompile Include="SGXFileReader.cpp">
      <Filter>Source Files</Filter>
    </ClCompile>
    <ClCompile Include="SGXFileWriter.cpp">
      <Filter>Source Files</Filter>
    </ClCompile>
    <ClCompile Include="SGXLargeFile.cpp">
      <Filter>Source Files</Filter>
    </ClCompile>
    <ClCompile Include="SGXLocalSecureChannel.cpp">
      <Filter>Source Files</Filter>
    </ClCompile>
    <ClCompile Include="SGXNetworkCryptor.cpp">
      <Filter>Source Files</Filter>
    </ClCompile>
    <ClCompile Include="SGXNetworkReader.cpp">
      <Filter>Source Files</Filter>
    </ClCompile>
    <ClCompile Include="SGXOcallEnclaveInterface.cpp">
      <Filter>Source Files</Filter>
    </ClCompile>
    <ClCompile Include="SGXServiceFile.cpp">
      <Filter>Source Files</Filter>
    </ClCompile>
    <ClCompile Include="SGXVideoPlayerState.cpp">
      <Filter>Source Files</Filter>
    </ClCompile>
  </ItemGroup>
  <ItemGroup>
    <ClInclude Include="DVSE_t.h">
      <Filter>Generated Files</Filter>
    </ClInclude>
    <ClInclude Include="SGXIndependentSealing.h">
      <Filter>Header Files</Filter>
    </ClInclude>
    <ClInclude Include="SGXPlayerState.h">
      <Filter>Header Files</Filter>
    </ClInclude>
    <ClInclude Include="utils.h">
      <Filter>Header Files</Filter>
    </ClInclude>
    <ClInclude Include="EncryptedFileReader.h">
      <Filter>Header Files</Filter>
    </ClInclude>
    <ClInclude Include="SGXBlob.h">
      <Filter>Header Files</Filter>
    </ClInclude>
    <ClInclude Include="SGXCoupons.h">
      <Filter>Header Files</Filter>
    </ClInclude>
    <ClInclude Include="SGXEcallEnclaveInterface.h">
      <Filter>Header Files</Filter>
    </ClInclude>
    <ClInclude Include="SGXEncryptionservice.h">
      <Filter>Header Files</Filter>
    </ClInclude>
    <ClInclude Include="SGXEpg.h">
      <Filter>Header Files</Filter>
    </ClInclude>
    <ClInclude Include="SGXFileReader.h">
      <Filter>Header Files</Filter>
    </ClInclude>
    <ClInclude Include="SGXFileWriter.h">
      <Filter>Header Files</Filter>
    </ClInclude>
    <ClInclude Include="SGXLargeFile.h">
      <Filter>Header Files</Filter>
    </ClInclude>
    <ClInclude Include="SGXLocalSecureChannel.h">
      <Filter>Header Files</Filter>
    </ClInclude>
    <ClInclude Include="SGXNetworkCryptor.h">
      <Filter>Header Files</Filter>
    </ClInclude>
    <ClInclude Include="SGXNetworkReader.h">
      <Filter>Header Files</Filter>
    </ClInclude>
    <ClInclude Include="SGXOcallEnclaveInterface.h">
      <Filter>Header Files</Filter>
    </ClInclude>
    <ClInclude Include="SGXServiceFile.h">
      <Filter>Header Files</Filter>
    </ClInclude>
    <ClInclude Include="SGXVideoPlayerState.h">
      <Filter>Header Files</Filter>
    </ClInclude>
  </ItemGroup>
  <ItemGroup>
    <None Include="DVSE_private.pem">
      <Filter>Resource Files</Filter>
    </None>
  </ItemGroup>
  <ItemGroup>
    <Xml Include="DVSE.config.xml">
      <Filter>Resource Files</Filter>
    </Xml>
  </ItemGroup>
  <ItemGroup>
    <Text Include="ReadMe.txt" />
  </ItemGroup>
  <ItemGroup>
    <CustomBuild Include="DVSE.edl">
      <Filter>Source Files</Filter>
    </CustomBuild>
  </ItemGroup>
</Project>